
Microsoft Visual Studio Solution File, Format Version 12.00
# Visual Studio Version 16
VisualStudioVersion = 16.0.29728.190
MinimumVisualStudioVersion = 10.0.40219.1
Project("{8BC9CEB8-8B4A-11D0-8D11-00A0C91BC942}") = "BattleLoop", "BattleLoop\BattleLoop.vcxproj", "{8EED6666-8432-403E-8B96-C03686D328DF}"
EndProject
Project("{8BC9CEB8-8B4A-11D0-8D11-00A0C91BC942}") = "TicTacToe", "TicTacToe\TicTacToe.vcxproj", "{04D73E20-CF0D-4879-9D9C-8579E0552839}"
EndProject
Project("{8BC9CEB8-8B4A-11D0-8D11-00A0C91BC942}") = "NumberGuessGame", "NumberGuessGame\NumberGuessGame.vcxproj", "{58D34482-684D-47AB-9176-CE9E3B57B972}"
EndProject
Global
	GlobalSection(SolutionConfigurationPlatforms) = preSolution
		Debug|x64 = Debug|x64
		Debug|x86 = Debug|x86
		Release|x64 = Release|x64
		Release|x86 = Release|x86
	EndGlobalSection
	GlobalSection(ProjectConfigurationPlatforms) = postSolution
		{8EED6666-8432-403E-8B96-C03686D328DF}.Debug|x64.ActiveCfg = Debug|x64
		{8EED6666-8432-403E-8B96-C03686D328DF}.Debug|x64.Build.0 = Debug|x64
		{8EED6666-8432-403E-8B96-C03686D328DF}.Debug|x86.ActiveCfg = Debug|Win32
		{8EED6666-8432-403E-8B96-C03686D328DF}.Debug|x86.Build.0 = Debug|Win32
		{8EED6666-8432-403E-8B96-C03686D328DF}.Release|x64.ActiveCfg = Release|x64
		{8EED6666-8432-403E-8B96-C03686D328DF}.Release|x64.Build.0 = Release|x64
		{8EED6666-8432-403E-8B96-C03686D328DF}.Release|x86.ActiveCfg = Release|Win32
		{8EED6666-8432-403E-8B96-C03686D328DF}.Release|x86.Build.0 = Release|Win32
		{04D73E20-CF0D-4879-9D9C-8579E0552839}.Debug|x64.ActiveCfg = Debug|x64
		{04D73E20-CF0D-4879-9D9C-8579E0552839}.Debug|x64.Build.0 = Debug|x64
		{04D73E20-CF0D-4879-9D9C-8579E0552839}.Debug|x86.ActiveCfg = Debug|Win32
		{04D73E20-CF0D-4879-9D9C-8579E0552839}.Debug|x86.Build.0 = Debug|Win32
		{04D73E20-CF0D-4879-9D9C-8579E0552839}.Release|x64.ActiveCfg = Release|x64
		{04D73E20-CF0D-4879-9D9C-8579E0552839}.Release|x64.Build.0 = Release|x64
		{04D73E20-CF0D-4879-9D9C-8579E0552839}.Release|x86.ActiveCfg = Release|Win32
		{04D73E20-CF0D-4879-9D9C-8579E0552839}.Release|x86.Build.0 = Release|Win32
		{58D34482-684D-47AB-9176-CE9E3B57B972}.Debug|x64.ActiveCfg = Debug|x64
		{58D34482-684D-47AB-9176-CE9E3B57B972}.Debug|x64.Build.0 = Debug|x64
		{58D34482-684D-47AB-9176-CE9E3B57B972}.Debug|x86.ActiveCfg = Debug|Win32
		{58D34482-684D-47AB-9176-CE9E3B57B972}.Debug|x86.Build.0 = Debug|Win32
		{58D34482-684D-47AB-9176-CE9E3B57B972}.Release|x64.ActiveCfg = Release|x64
		{58D34482-684D-47AB-9176-CE9E3B57B972}.Release|x64.Build.0 = Release|x64
		{58D34482-684D-47AB-9176-CE9E3B57B972}.Release|x86.ActiveCfg = Release|Win32
		{58D34482-684D-47AB-9176-CE9E3B57B972}.Release|x86.Build.0 = Release|Win32
	EndGlobalSection
	GlobalSection(SolutionProperties) = preSolution
		HideSolutionNode = FALSE
	EndGlobalSection
	GlobalSection(ExtensibilityGlobals) = postSolution
		SolutionGuid = {F7A5F029-B28B-49B9-9D7F-F3F7CC895661}
	EndGlobalSection
EndGlobal
